
Microsoft Visual Studio Solution File, Format Version 12.00
# Visual Studio Version 16
VisualStudioVersion = 16.0.32630.194
MinimumVisualStudioVersion = 10.0.40219.1
Project("{FAE04EC0-301F-11D3-BF4B-00C04F79EFBC}") = "DatabaseSys", "DatabaseSys\DatabaseSys.csproj", "{9830879D-DAB2-411E-9C51-9BC3D3688DF9}"
EndProject
Global
	GlobalSection(SolutionConfigurationPlatforms) = preSolution
		Debug|Any CPU = Debug|Any CPU
		Release|Any CPU = Release|Any CPU
	EndGlobalSection
	GlobalSection(ProjectConfigurationPlatforms) = postSolution
		{9830879D-DAB2-411E-9C51-9BC3D3688DF9}.Debug|Any CPU.ActiveCfg = Debug|Any CPU
		{9830879D-DAB2-411E-9C51-9BC3D3688DF9}.Debug|Any CPU.Build.0 = Debug|Any CPU
		{9830879D-DAB2-411E-9C51-9BC3D3688DF9}.Release|Any CPU.ActiveCfg = Release|Any CPU
		{9830879D-DAB2-411E-9C51-9BC3D3688DF9}.Release|Any CPU.Build.0 = Release|Any CPU
	EndGlobalSection
	GlobalSection(SolutionProperties) = preSolution
		HideSolutionNode = FALSE
	EndGlobalSection
	GlobalSection(ExtensibilityGlobals) = postSolution
		SolutionGuid = {9B33EAE5-4948-4A73-88C5-37CE6300F54E}
	EndGlobalSection
EndGlobal
